
Microsoft Visual Studio Solution File, Format Version 12.00
# Visual Studio 15
VisualStudioVersion = 15.0.27703.2026
MinimumVisualStudioVersion = 10.0.40219.1
Project("{FAE04EC0-301F-11D3-BF4B-00C04F79EFBC}") = "XForms.Android", "XForms\XForms.Android\XForms.Android.csproj", "{C40BB43A-A399-47D8-989B-C6D92C6AB43F}"
EndProject
Project("{FAE04EC0-301F-11D3-BF4B-00C04F79EFBC}") = "XForms.iOS", "XForms\XForms.iOS\XForms.iOS.csproj", "{4DE66386-42FB-46DD-97AB-A53E1AB6BDDA}"
EndProject
Project("{FAE04EC0-301F-11D3-BF4B-00C04F79EFBC}") = "XForms", "XForms\XForms\XForms.csproj", "{A79B9C58-D41D-4174-8CEC-0916540B1FF4}"
EndProject
Global
	GlobalSection(SolutionConfigurationPlatforms) = preSolution
		Ad-Hoc|Any CPU = Ad-Hoc|Any CPU
		Ad-Hoc|iPhone = Ad-Hoc|iPhone
		Ad-Hoc|iPhoneSimulator = Ad-Hoc|iPhoneSimulator
		AppStore|Any CPU = AppStore|Any CPU
		AppStore|iPhone = AppStore|iPhone
		AppStore|iPhoneSimulator = AppStore|iPhoneSimulator
		Debug|Any CPU = Debug|Any CPU
		Debug|iPhone = Debug|iPhone
		Debug|iPhoneSimulator = Debug|iPhoneSimulator
		Release|Any CPU = Release|Any CPU
		Release|iPhone = Release|iPhone
		Release|iPhoneSimulator = Release|iPhoneSimulator
	EndGlobalSection
	GlobalSection(ProjectConfigurationPlatforms) = postSolution
		{C40BB43A-A399-47D8-989B-C6D92C6AB43F}.Ad-Hoc|Any CPU.ActiveCfg = Release|Any CPU
		{C40BB43A-A399-47D8-989B-C6D92C6AB43F}.Ad-Hoc|Any CPU.Build.0 = Release|Any CPU
		{C40BB43A-A399-47D8-989B-C6D92C6AB43F}.Ad-Hoc|Any CPU.Deploy.0 = Release|Any CPU
		{C40BB43A-A399-47D8-989B-C6D92C6AB43F}.Ad-Hoc|iPhone.ActiveCfg = Release|Any CPU
		{C40BB43A-A399-47D8-989B-C6D92C6AB43F}.Ad-Hoc|iPhone.Build.0 = Release|Any CPU
		{C40BB43A-A399-47D8-989B-C6D92C6AB43F}.Ad-Hoc|iPhone.Deploy.0 = Release|Any CPU
		{C40BB43A-A399-47D8-989B-C6D92C6AB43F}.Ad-Hoc|iPhoneSimulator.ActiveCfg = Release|Any CPU
		{C40BB43A-A399-47D8-989B-C6D92C6AB43F}.Ad-Hoc|iPhoneSimulator.Build.0 = Release|Any CPU
		{C40BB43A-A399-47D8-989B-C6D92C6AB43F}.Ad-Hoc|iPhoneSimulator.Deploy.0 = Release|Any CPU
		{C40BB43A-A399-47D8-989B-C6D92C6AB43F}.AppStore|Any CPU.ActiveCfg = Release|Any CPU
		{C40BB43A-A399-47D8-989B-C6D92C6AB43F}.AppStore|Any CPU.Build.0 = Release|Any CPU
		{C40BB43A-A399-47D8-989B-C6D92C6AB43F}.AppStore|Any CPU.Deploy.0 = Release|Any CPU
		{C40BB43A-A399-47D8-989B-C6D92C6AB43F}.AppStore|iPhone.ActiveCfg = Release|Any CPU
		{C40BB43A-A399-47D8-989B-C6D92C6AB43F}.AppStore|iPhone.Build.0 = Release|Any CPU
		{C40BB43A-A399-47D8-989B-C6D92C6AB43F}.AppStore|iPhone.Deploy.0 = Release|Any CPU
		{C40BB43A-A399-47D8-989B-C6D92C6AB43F}.AppStore|iPhoneSimulator.ActiveCfg = Release|Any CPU
		{C40BB43A-A399-47D8-989B-C6D92C6AB43F}.AppStore|iPhoneSimulator.Build.0 = Release|Any CPU
		{C40BB43A-A399-47D8-989B-C6D92C6AB43F}.AppStore|iPhoneSimulator.Deploy.0 = Release|Any CPU
		{C40BB43A-A399-47D8-989B-C6D92C6AB43F}.Debug|Any CPU.ActiveCfg = Debug|Any CPU
		{C40BB43A-A399-47D8-989B-C6D92C6AB43F}.Debug|Any CPU.Build.0 = Debug|Any CPU
		{C40BB43A-A399-47D8-989B-C6D92C6AB43F}.Debug|Any CPU.Deploy.0 = Debug|Any CPU
		{C40BB43A-A399-47D8-989B-C6D92C6AB43F}.Debug|iPhone.ActiveCfg = Debug|Any CPU
		{C40BB43A-A399-47D8-989B-C6D92C6AB43F}.Debug|iPhone.Build.0 = Debug|Any CPU
		{C40BB43A-A399-47D8-989B-C6D92C6AB43F}.Debug|iPhone.Deploy.0 = Debug|Any CPU
		{C40BB43A-A399-47D8-989B-C6D92C6AB43F}.Debug|iPhoneSimulator.ActiveCfg = Debug|Any CPU
		{C40BB43A-A399-47D8-989B-C6D92C6AB43F}.Debug|iPhoneSimulator.Build.0 = Debug|Any CPU
		{C40BB43A-A399-47D8-989B-C6D92C6AB43F}.Debug|iPhoneSimulator.Deploy.0 = Debug|Any CPU
		{C40BB43A-A399-47D8-989B-C6D92C6AB43F}.Release|Any CPU.ActiveCfg = Release|Any CPU
		{C40BB43A-A399-47D8-989B-C6D92C6AB43F}.Release|Any CPU.Build.0 = Release|Any CPU
		{C40BB43A-A399-47D8-989B-C6D92C6AB43F}.Release|Any CPU.Deploy.0 = Release|Any CPU
		{C40BB43A-A399-47D8-989B-C6D92C6AB43F}.Release|iPhone.ActiveCfg = Release|Any CPU
		{C40BB43A-A399-47D8-989B-C6D92C6AB43F}.Release|iPhone.Build.0 = Release|Any CPU
		{C40BB43A-A399-47D8-989B-C6D92C6AB43F}.Release|iPhone.Deploy.0 = Release|Any CPU
		{C40BB43A-A399-47D8-989B-C6D92C6AB43F}.Release|iPhoneSimulator.ActiveCfg = Release|Any CPU
		{C40BB43A-A399-47D8-989B-C6D92C6AB43F}.Release|iPhoneSimulator.Build.0 = Release|Any CPU
		{C40BB43A-A399-47D8-989B-C6D92C6AB43F}.Release|iPhoneSimulator.Deploy.0 = Release|Any CPU
		{4DE66386-42FB-46DD-97AB-A53E1AB6BDDA}.Ad-Hoc|Any CPU.ActiveCfg = Ad-Hoc|iPhone
		{4DE66386-42FB-46DD-97AB-A53E1AB6BDDA}.Ad-Hoc|Any CPU.Build.0 = Ad-Hoc|iPhone
		{4DE66386-42FB-46DD-97AB-A53E1AB6BDDA}.Ad-Hoc|Any CPU.Deploy.0 = Ad-Hoc|iPhone
		{4DE66386-42FB-46DD-97AB-A53E1AB6BDDA}.Ad-Hoc|iPhone.ActiveCfg = Ad-Hoc|iPhone
		{4DE66386-42FB-46DD-97AB-A53E1AB6BDDA}.Ad-Hoc|iPhone.Build.0 = Ad-Hoc|iPhone
		{4DE66386-42FB-46DD-97AB-A53E1AB6BDDA}.Ad-Hoc|iPhone.Deploy.0 = Ad-Hoc|iPhone
		{4DE66386-42FB-46DD-97AB-A53E1AB6BDDA}.Ad-Hoc|iPhoneSimulator.ActiveCfg = Ad-Hoc|iPhoneSimulator
		{4DE66386-42FB-46DD-97AB-A53E1AB6BDDA}.Ad-Hoc|iPhoneSimulator.Build.0 = Ad-Hoc|iPhoneSimulator
		{4DE66386-42FB-46DD-97AB-A53E1AB6BDDA}.Ad-Hoc|iPhoneSimulator.Deploy.0 = Ad-Hoc|iPhoneSimulator
		{4DE66386-42FB-46DD-97AB-A53E1AB6BDDA}.AppStore|Any CPU.ActiveCfg = AppStore|iPhone
		{4DE66386-42FB-46DD-97AB-A53E1AB6BDDA}.AppStore|Any CPU.Build.0 = AppStore|iPhone
		{4DE66386-42FB-46DD-97AB-A53E1AB6BDDA}.AppStore|Any CPU.Deploy.0 = AppStore|iPhone
		{4DE66386-42FB-46DD-97AB-A53E1AB6BDDA}.AppStore|iPhone.ActiveCfg = AppStore|iPhone
		{4DE66386-42FB-46DD-97AB-A53E1AB6BDDA}.AppStore|iPhone.Build.0 = AppStore|iPhone
		{4DE66386-42FB-46DD-97AB-A53E1AB6BDDA}.AppStore|iPhone.Deploy.0 = AppStore|iPhone
		{4DE66386-42FB-46DD-97AB-A53E1AB6BDDA}.AppStore|iPhoneSimulator.ActiveCfg = AppStore|iPhoneSimulator
		{4DE66386-42FB-46DD-97AB-A53E1AB6BDDA}.AppStore|iPhoneSimulator.Build.0 = AppStore|iPhoneSimulator
		{4DE66386-42FB-46DD-97AB-A53E1AB6BDDA}.AppStore|iPhoneSimulator.Deploy.0 = AppStore|iPhoneSimulator
		{4DE66386-42FB-46DD-97AB-A53E1AB6BDDA}.Debug|Any CPU.ActiveCfg = Debug|iPhoneSimulator
		{4DE66386-42FB-46DD-97AB-A53E1AB6BDDA}.Debug|Any CPU.Build.0 = Debug|iPhoneSimulator
		{4DE66386-42FB-46DD-97AB-A53E1AB6BDDA}.Debug|Any CPU.Deploy.0 = Debug|iPhoneSimulator
		{4DE66386-42FB-46DD-97AB-A53E1AB6BDDA}.Debug|iPhone.ActiveCfg = Debug|iPhone
		{4DE66386-42FB-46DD-97AB-A53E1AB6BDDA}.Debug|iPhone.Build.0 = Debug|iPhone
		{4DE66386-42FB-46DD-97AB-A53E1AB6BDDA}.Debug|iPhone.Deploy.0 = Debug|iPhone
		{4DE66386-42FB-46DD-97AB-A53E1AB6BDDA}.Debug|iPhoneSimulator.ActiveCfg = Debug|iPhoneSimulator
		{4DE66386-42FB-46DD-97AB-A53E1AB6BDDA}.Debug|iPhoneSimulator.Build.0 = Debug|iPhoneSimulator
		{4DE66386-42FB-46DD-97AB-A53E1AB6BDDA}.Debug|iPhoneSimulator.Deploy.0 = Debug|iPhoneSimulator
		{4DE66386-42FB-46DD-97AB-A53E1AB6BDDA}.Release|Any CPU.ActiveCfg = Release|iPhone
		{4DE66386-42FB-46DD-97AB-A53E1AB6BDDA}.Release|Any CPU.Build.0 = Release|iPhone
		{4DE66386-42FB-46DD-97AB-A53E1AB6BDDA}.Release|Any CPU.Deploy.0 = Release|iPhone
		{4DE66386-42FB-46DD-97AB-A53E1AB6BDDA}.Release|iPhone.ActiveCfg = Release|iPhone
		{4DE66386-42FB-46DD-97AB-A53E1AB6BDDA}.Release|iPhone.Build.0 = Release|iPhone
		{4DE66386-42FB-46DD-97AB-A53E1AB6BDDA}.Release|iPhone.Deploy.0 = Release|iPhone
		{4DE66386-42FB-46DD-97AB-A53E1AB6BDDA}.Release|iPhoneSimulator.ActiveCfg = Release|iPhoneSimulator
		{4DE66386-42FB-46DD-97AB-A53E1AB6BDDA}.Release|iPhoneSimulator.Build.0 = Release|iPhoneSimulator
		{4DE66386-42FB-46DD-97AB-A53E1AB6BDDA}.Release|iPhoneSimulator.Deploy.0 = Release|iPhoneSimulator
		{A79B9C58-D41D-4174-8CEC-0916540B1FF4}.Ad-Hoc|Any CPU.ActiveCfg = Debug|Any CPU
		{A79B9C58-D41D-4174-8CEC-0916540B1FF4}.Ad-Hoc|Any CPU.Build.0 = Debug|Any CPU
		{A79B9C58-D41D-4174-8CEC-0916540B1FF4}.Ad-Hoc|Any CPU.Deploy.0 = Debug|Any CPU
		{A79B9C58-D41D-4174-8CEC-0916540B1FF4}.Ad-Hoc|iPhone.ActiveCfg = Debug|Any CPU
		{A79B9C58-D41D-4174-8CEC-0916540B1FF4}.Ad-Hoc|iPhone.Build.0 = Debug|Any CPU
		{A79B9C58-D41D-4174-8CEC-0916540B1FF4}.Ad-Hoc|iPhone.Deploy.0 = Debug|Any CPU
		{A79B9C58-D41D-4174-8CEC-0916540B1FF4}.Ad-Hoc|iPhoneSimulator.ActiveCfg = Debug|Any CPU
		{A79B9C58-D41D-4174-8CEC-0916540B1FF4}.Ad-Hoc|iPhoneSimulator.Build.0 = Debug|Any CPU
		{A79B9C58-D41D-4174-8CEC-0916540B1FF4}.Ad-Hoc|iPhoneSimulator.Deploy.0 = Debug|Any CPU
		{A79B9C58-D41D-4174-8CEC-0916540B1FF4}.AppStore|Any CPU.ActiveCfg = Debug|Any CPU
		{A79B9C58-D41D-4174-8CEC-0916540B1FF4}.AppStore|Any CPU.Build.0 = Debug|Any CPU
		{A79B9C58-D41D-4174-8CEC-0916540B1FF4}.AppStore|Any CPU.Deploy.0 = Debug|Any CPU
		{A79B9C58-D41D-4174-8CEC-0916540B1FF4}.AppStore|iPhone.ActiveCfg = Debug|Any CPU
		{A79B9C58-D41D-4174-8CEC-0916540B1FF4}.AppStore|iPhone.Build.0 = Debug|Any CPU
		{A79B9C58-D41D-4174-8CEC-0916540B1FF4}.AppStore|iPhone.Deploy.0 = Debug|Any CPU
		{A79B9C58-D41D-4174-8CEC-0916540B1FF4}.AppStore|iPhoneSimulator.ActiveCfg = Debug|Any CPU
		{A79B9C58-D41D-4174-8CEC-0916540B1FF4}.AppStore|iPhoneSimulator.Build.0 = Debug|Any CPU
		{A79B9C58-D41D-4174-8CEC-0916540B1FF4}.AppStore|iPhoneSimulator.Deploy.0 = Debug|Any CPU
		{A79B9C58-D41D-4174-8CEC-0916540B1FF4}.Debug|Any CPU.ActiveCfg = Debug|Any CPU
		{A79B9C58-D41D-4174-8CEC-0916540B1FF4}.Debug|Any CPU.Build.0 = Debug|Any CPU
		{A79B9C58-D41D-4174-8CEC-0916540B1FF4}.Debug|Any CPU.Deploy.0 = Debug|Any CPU
		{A79B9C58-D41D-4174-8CEC-0916540B1FF4}.Debug|iPhone.ActiveCfg = Debug|Any CPU
		{A79B9C58-D41D-4174-8CEC-0916540B1FF4}.Debug|iPhone.Build.0 = Debug|Any CPU
		{A79B9C58-D41D-4174-8CEC-0916540B1FF4}.Debug|iPhone.Deploy.0 = Debug|Any CPU
		{A79B9C58-D41D-4174-8CEC-0916540B1FF4}.Debug|iPhoneSimulator.ActiveCfg = Debug|Any CPU
		{A79B9C58-D41D-4174-8CEC-0916540B1FF4}.Debug|iPhoneSimulator.Build.0 = Debug|Any CPU
		{A79B9C58-D41D-4174-8CEC-0916540B1FF4}.Debug|iPhoneSimulator.Deploy.0 = Debug|Any CPU
		{A79B9C58-D41D-4174-8CEC-0916540B1FF4}.Release|Any CPU.ActiveCfg = Release|Any CPU
		{A79B9C58-D41D-4174-8CEC-0916540B1FF4}.Release|Any CPU.Build.0 = Release|Any CPU
		{A79B9C58-D41D-4174-8CEC-0916540B1FF4}.Release|Any CPU.Deploy.0 = Release|Any CPU
		{A79B9C58-D41D-4174-8CEC-0916540B1FF4}.Release|iPhone.ActiveCfg = Release|Any CPU
		{A79B9C58-D41D-4174-8CEC-0916540B1FF4}.Release|iPhone.Build.0 = Release|Any CPU
		{A79B9C58-D41D-4174-8CEC-0916540B1FF4}.Release|iPhone.Deploy.0 = Release|Any CPU
		{A79B9C58-D41D-4174-8CEC-0916540B1FF4}.Release|iPhoneSimulator.ActiveCfg = Release|Any CPU
		{A79B9C58-D41D-4174-8CEC-0916540B1FF4}.Release|iPhoneSimulator.Build.0 = Release|Any CPU
		{A79B9C58-D41D-4174-8CEC-0916540B1FF4}.Release|iPhoneSimulator.Deploy.0 = Release|Any CPU
	EndGlobalSection
	GlobalSection(SolutionProperties) = preSolution
		HideSolutionNode = FALSE
	EndGlobalSection
	GlobalSection(ExtensibilityGlobals) = postSolution
		SolutionGuid = {82F7F4A7-933D-430D-8D06-E897E3AAEDB5}
	EndGlobalSection
EndGlobal
